// !$*UTF8*$!
{
	archiveVersion = 1;
	classes = {
	};
	objectVersion = 56;
	objects = {

/* Begin PBXBuildFile section */
		AA000001 /* WineLauncher.swift in Sources */ = {isa = PBXBuildFile; fileRef = AA100001 /* WineLauncher.swift */; };
		AA000002 /* Game.swift in Sources */ = {isa = PBXBuildFile; fileRef = AA100002 /* Game.swift */; };
		AA000096 /* AchievementsService.swift in Sources */ = {isa = PBXBuildFile; fileRef = AA100096 /* AchievementsService.swift */; };
		AA000097 /* Achievement.swift in Sources */ = {isa = PBXBuildFile; fileRef = AA100097 /* Achievement.swift */; };
		AA000099 /* Bottle.swift in Sources */ = {isa = PBXBuildFile; fileRef = AA100099 /* Bottle.swift */; };
		AA000003 /* GameStore.swift in Sources */ = {isa = PBXBuildFile; fileRef = AA100003 /* GameStore.swift */; };
		AA000004 /* ContentView.swift in Sources */ = {isa = PBXBuildFile; fileRef = AA100004 /* ContentView.swift */; };
		AA000005 /* GameRowView.swift in Sources */ = {isa = PBXBuildFile; fileRef = AA100005 /* GameRowView.swift */; };
		AA000006 /* GameDetailView.swift in Sources */ = {isa = PBXBuildFile; fileRef = AA100006 /* GameDetailView.swift */; };
		AA000007 /* AddGameView.swift in Sources */ = {isa = PBXBuildFile; fileRef = AA100007 /* AddGameView.swift */; };
		AA000008 /* LogView.swift in Sources */ = {isa = PBXBuildFile; fileRef = AA100008 /* LogView.swift */; };
		AA000009 /* DetectionService.swift in Sources */ = {isa = PBXBuildFile; fileRef = AA100009 /* DetectionService.swift */; };
		AA000010 /* SetupService.swift in Sources */ = {isa = PBXBuildFile; fileRef = AA100010 /* SetupService.swift */; };
		AA000011 /* PrerequisitesService.swift in Sources */ = {isa = PBXBuildFile; fileRef = AA100011 /* PrerequisitesService.swift */; };
		AA000012 /* ResourceMonitor.swift in Sources */ = {isa = PBXBuildFile; fileRef = AA100012 /* ResourceMonitor.swift */; };
		AA000013 /* HUDView.swift in Sources */ = {isa = PBXBuildFile; fileRef = AA100013 /* HUDView.swift */; };
		AA000014 /* SetupProgress.swift in Sources */ = {isa = PBXBuildFile; fileRef = AA100014 /* SetupProgress.swift */; };
		AA000015 /* AddGameWindowController.swift in Sources */ = {isa = PBXBuildFile; fileRef = AA100015 /* AddGameWindowController.swift */; };
		AA000016 /* Assets.xcassets in Resources */ = {isa = PBXBuildFile; fileRef = AA100016 /* Assets.xcassets */; };
		AA000017 /* AppIcon.icns in Resources */ = {isa = PBXBuildFile; fileRef = AA100017 /* AppIcon.icns */; };
		AA000018 /* AppDelegate.swift in Sources */ = {isa = PBXBuildFile; fileRef = AA100018 /* AppDelegate.swift */; };
/* End PBXBuildFile section */

/* Begin PBXFileReference section */
		AA100001 /* WineLauncher.swift */ = {isa = PBXFileReference; lastKnownFileType = sourcecode.swift; path = WineLauncher.swift; sourceTree = "<group>"; };
		AA100002 /* Game.swift */ = {isa = PBXFileReference; lastKnownFileType = sourcecode.swift; path = Game.swift; sourceTree = "<group>"; };
		AA100096 /* AchievementsService.swift */ = {isa = PBXFileReference; lastKnownFileType = sourcecode.swift; path = ../Services/AchievementsService.swift; sourceTree = "<group>"; };
		AA100097 /* Achievement.swift */ = {isa = PBXFileReference; lastKnownFileType = sourcecode.swift; path = Achievement.swift; sourceTree = "<group>"; };
		AA100099 /* Bottle.swift */ = {isa = PBXFileReference; lastKnownFileType = sourcecode.swift; path = Bottle.swift; sourceTree = "<group>"; };
		AA100003 /* GameStore.swift */ = {isa = PBXFileReference; lastKnownFileType = sourcecode.swift; path = GameStore.swift; sourceTree = "<group>"; };
		AA100004 /* ContentView.swift */ = {isa = PBXFileReference; lastKnownFileType = sourcecode.swift; path = ContentView.swift; sourceTree = "<group>"; };
		AA100005 /* GameRowView.swift */ = {isa = PBXFileReference; lastKnownFileType = sourcecode.swift; path = GameRowView.swift; sourceTree = "<group>"; };
		AA100006 /* GameDetailView.swift */ = {isa = PBXFileReference; lastKnownFileType = sourcecode.swift; path = GameDetailView.swift; sourceTree = "<group>"; };
		AA100007 /* AddGameView.swift */ = {isa = PBXFileReference; lastKnownFileType = sourcecode.swift; path = AddGameView.swift; sourceTree = "<group>"; };
		AA100008 /* LogView.swift */ = {isa = PBXFileReference; lastKnownFileType = sourcecode.swift; path = LogView.swift; sourceTree = "<group>"; };
		AA100009 /* DetectionService.swift */ = {isa = PBXFileReference; lastKnownFileType = sourcecode.swift; path = DetectionService.swift; sourceTree = "<group>"; };
		AA100010 /* SetupService.swift */ = {isa = PBXFileReference; lastKnownFileType = sourcecode.swift; path = SetupService.swift; sourceTree = "<group>"; };
		AA100011 /* PrerequisitesService.swift */ = {isa = PBXFileReference; lastKnownFileType = sourcecode.swift; path = PrerequisitesService.swift; sourceTree = "<group>"; };
		AA100012 /* ResourceMonitor.swift */ = {isa = PBXFileReference; lastKnownFileType = sourcecode.swift; path = ResourceMonitor.swift; sourceTree = "<group>"; };
		AA100013 /* HUDView.swift */ = {isa = PBXFileReference; lastKnownFileType = sourcecode.swift; path = HUDView.swift; sourceTree = "<group>"; };
		AA100014 /* SetupProgress.swift */ = {isa = PBXFileReference; lastKnownFileType = sourcecode.swift; path = SetupProgress.swift; sourceTree = "<group>"; };
		AA100015 /* AddGameWindowController.swift */ = {isa = PBXFileReference; lastKnownFileType = sourcecode.swift; path = AddGameWindowController.swift; sourceTree = "<group>"; };
		AA100016 /* Assets.xcassets */ = {isa = PBXFileReference; lastKnownFileType = folder.assetcatalog; path = Assets.xcassets; sourceTree = "<group>"; };
		AA100017 /* AppIcon.icns */ = {isa = PBXFileReference; lastKnownFileType = image.icns; path = AppIcon.icns; sourceTree = "<group>"; };
		AA100018 /* AppDelegate.swift */ = {isa = PBXFileReference; lastKnownFileType = sourcecode.swift; path = AppDelegate.swift; sourceTree = "<group>"; };
		AA200001 /* WineLauncher.app */ = {isa = PBXFileReference; explicitFileType = wrapper.application; includeInIndex = 0; path = WineLauncher.app; sourceTree = BUILT_PRODUCTS_DIR; };
/* End PBXFileReference section */

/* Begin PBXFrameworksBuildPhase section */
		AA300001 /* Frameworks */ = {
			isa = PBXFrameworksBuildPhase;
			buildActionMask = 2147483647;
			files = (
			);
			runOnlyForDeploymentPostprocessing = 0;
		};
/* End PBXFrameworksBuildPhase section */

/* Begin PBXGroup section */
		AA400001 /* WineLauncher */ = {
			isa = PBXGroup;
			children = (
				AA500001 /* Sources */,
				AA400002 /* Products */,
			);
			sourceTree = "<group>";
		};
		AA400002 /* Products */ = {
			isa = PBXGroup;
			children = (
				AA200001 /* WineLauncher.app */,
			);
			name = Products;
			sourceTree = "<group>";
		};
		AA530001 /* Services */ = {
			isa = PBXGroup;
			children = (
				AA100009 /* DetectionService.swift */,
				AA100010 /* SetupService.swift */,
				AA100011 /* PrerequisitesService.swift */,
				AA100012 /* ResourceMonitor.swift */,
			);
			name = Services;
			path = Services;
			sourceTree = "<group>";
		};
		AA500001 /* Sources */ = {
			isa = PBXGroup;
			children = (
				AA100001 /* WineLauncher.swift */,
				AA100018 /* AppDelegate.swift */,
				AA510001 /* Models */,
				AA520001 /* Views */,
				AA530001 /* Services */,
				AA100016 /* Assets.xcassets */,
				AA100017 /* AppIcon.icns */,
			);
			name = Sources;
			path = Sources/WineLauncher;
			sourceTree = "<group>";
		};
		AA510001 /* Models */ = {
			isa = PBXGroup;
			children = (
				AA100002 /* Game.swift */,
				AA100096 /* AchievementsService.swift */,
				AA100097 /* Achievement.swift */,
				AA100099 /* Bottle.swift */,
				AA100003 /* GameStore.swift */,
				AA100014 /* SetupProgress.swift */,
			);
			name = Models;
			path = Models;
			sourceTree = "<group>";
		};
		AA520001 /* Views */ = {
			isa = PBXGroup;
			children = (
				AA100004 /* ContentView.swift */,
				AA100005 /* GameRowView.swift */,
				AA100006 /* GameDetailView.swift */,
				AA100007 /* AddGameView.swift */,
				AA100008 /* LogView.swift */,
				AA100013 /* HUDView.swift */,
				AA100015 /* AddGameWindowController.swift */,
			);
			name = Views;
			path = Views;
			sourceTree = "<group>";
		};
/* End PBXGroup section */

/* Begin PBXNativeTarget section */
		AA600001 /* WineLauncher */ = {
			isa = PBXNativeTarget;
			buildConfigurationList = AA700001 /* Build configuration list for PBXNativeTarget "WineLauncher" */;
			buildPhases = (
				AA800001 /* Sources */,
				AA300001 /* Frameworks */,
				AA900001 /* Resources */,
			);
			buildRules = (
			);
			dependencies = (
			);
			name = WineLauncher;
			productName = WineLauncher;
			productReference = AA200001 /* WineLauncher.app */;
			productType = "com.apple.product-type.application";
		};
/* End PBXNativeTarget section */

/* Begin PBXProject section */
		AAP00001 /* Project object */ = {
			isa = PBXProject;
			attributes = {
				BuildIndependentTargetsInParallel = 1;
				LastSwiftUpdateCheck = 1500;
				LastUpgradeCheck = 1500;
				ORGANIZATIONNAME = "";
				TargetAttributes = {
					AA600001 = {
						CreatedOnToolsVersion = 15.0;
					};
				};
			};
			buildConfigurationList = AA700002 /* Build configuration list for PBXProject "WineLauncher" */;
			compatibilityVersion = "Xcode 14.0";
			developmentRegion = en;
			hasScannedForEncodings = 0;
			knownRegions = (
				en,
				Base,
			);
			mainGroup = AA400001 /* WineLauncher */;
			productRefGroup = AA400002 /* Products */;
			projectDirPath = "";
			projectRoot = "";
			targets = (
				AA600001 /* WineLauncher */,
			);
		};
/* End PBXProject section */

/* Begin PBXResourcesBuildPhase section */
		AA900001 /* Resources */ = {
			isa = PBXResourcesBuildPhase;
			buildActionMask = 2147483647;
			files = (
				AA000016 /* Assets.xcassets in Resources */,
				AA000017 /* AppIcon.icns in Resources */,
			);
			runOnlyForDeploymentPostprocessing = 0;
		};
/* End PBXResourcesBuildPhase section */

/* Begin PBXSourcesBuildPhase section */
		AA800001 /* Sources */ = {
			isa = PBXSourcesBuildPhase;
			buildActionMask = 2147483647;
			files = (
				AA000001 /* WineLauncher.swift in Sources */,
				AA000002 /* Game.swift in Sources */,
				AA000096 /* AchievementsService.swift in Sources */,
				AA000097 /* Achievement.swift in Sources */,
				AA000099 /* Bottle.swift in Sources */,
				AA000003 /* GameStore.swift in Sources */,
				AA000004 /* ContentView.swift in Sources */,
				AA000005 /* GameRowView.swift in Sources */,
				AA000006 /* GameDetailView.swift in Sources */,
				AA000007 /* AddGameView.swift in Sources */,
				AA000008 /* LogView.swift in Sources */,
			AA000009 /* DetectionService.swift in Sources */,
			AA000010 /* SetupService.swift in Sources */,
			AA000011 /* PrerequisitesService.swift in Sources */,
			AA000012 /* ResourceMonitor.swift in Sources */,
			AA000013 /* HUDView.swift in Sources */,
			AA000014 /* SetupProgress.swift in Sources */,
			AA000015 /* AddGameWindowController.swift in Sources */,
			AA000018 /* AppDelegate.swift in Sources */,
			);
			runOnlyForDeploymentPostprocessing = 0;
		};
/* End PBXSourcesBuildPhase section */

/* Begin XCBuildConfiguration section */
		AA700003 /* Debug */ = {
			isa = XCBuildConfiguration;
			buildSettings = {
				ALWAYS_SEARCH_USER_PATHS = NO;
				ASSETCATALOG_COMPILER_GENERATE_SWIFT_ASSET_SYMBOL_EXTENSIONS = YES;
				CLANG_ANALYZER_NONNULL = YES;
				CLANG_ANALYZER_NUMBER_OBJECT_CONVERSION = YES_AGGRESSIVE;
				CLANG_CXX_LANGUAGE_STANDARD = "gnu++20";
				CLANG_ENABLE_MODULES = YES;
				CLANG_ENABLE_OBJC_ARC = YES;
				CLANG_ENABLE_OBJC_WEAK = YES;
				CLANG_WARN_BLOCK_CAPTURE_AUTORELEASING = YES;
				CLANG_WARN_BOOL_CONVERSION = YES;
				CLANG_WARN_COMMA = YES;
				CLANG_WARN_CONSTANT_CONVERSION = YES;
				CLANG_WARN_DEPRECATED_OBJC_IMPLEMENTATIONS = YES;
				CLANG_WARN_DIRECT_OBJC_ISA_USAGE = YES_ERROR;
				CLANG_WARN_DOCUMENTATION_COMMENTS = YES;
				CLANG_WARN_EMPTY_BODY = YES;
				CLANG_WARN_ENUM_CONVERSION = YES;
				CLANG_WARN_INFINITE_RECURSION = YES;
				CLANG_WARN_INT_CONVERSION = YES;
				CLANG_WARN_NON_LITERAL_NULL_CONVERSION = YES;
				CLANG_WARN_OBJC_IMPLICIT_RETAIN_SELF = YES;
				CLANG_WARN_OBJC_LITERAL_CONVERSION = YES;
				CLANG_WARN_OBJC_ROOT_CLASS = YES_ERROR;
				CLANG_WARN_QUOTED_INCLUDE_IN_FRAMEWORK_HEADER = YES;
				CLANG_WARN_RANGE_LOOP_ANALYSIS = YES;
				CLANG_WARN_STRICT_PROTOTYPES = YES;
				CLANG_WARN_SUSPICIOUS_MOVE = YES;
				CLANG_WARN_UNGUARDED_AVAILABILITY = YES_AGGRESSIVE;
				CLANG_WARN_UNREACHABLE_CODE = YES;
				CLANG_WARN__DUPLICATE_METHOD_MATCH = YES;
				COPY_PHASE_STRIP = NO;
				DEBUG_INFORMATION_FORMAT = dwarf;
				ENABLE_STRICT_OBJC_MSGSEND = YES;
				ENABLE_TESTABILITY = YES;
				ENABLE_USER_SCRIPT_SANDBOXING = YES;
				GCC_C_LANGUAGE_STANDARD = gnu17;
				GCC_DYNAMIC_NO_PIC = NO;
				GCC_NO_COMMON_BLOCKS = YES;
				GCC_OPTIMIZATION_LEVEL = 0;
				GCC_PREPROCESSOR_DEFINITIONS = (
					"DEBUG=1",
					"$(inherited)",
				);
				GCC_WARN_64_TO_32_BIT_CONVERSION = YES;
				GCC_WARN_ABOUT_RETURN_TYPE = YES_ERROR;
				GCC_WARN_UNDECLARED_SELECTOR = YES;
				GCC_WARN_UNINITIALIZED_AUTOS = YES_AGGRESSIVE;
				GCC_WARN_UNUSED_FUNCTION = YES;
				GCC_WARN_UNUSED_VARIABLE = YES;
				LOCALIZATION_PREFERS_STRING_CATALOGS = YES;
				MACOSX_DEPLOYMENT_TARGET = 14.0;
				MTL_ENABLE_DEBUG_INFO = INCLUDE_SOURCE;
				MTL_FAST_MATH = YES;
				ONLY_ACTIVE_ARCH = YES;
				SDKROOT = macosx;
				SWIFT_ACTIVE_COMPILATION_CONDITIONS = "DEBUG $(inherited)";
				SWIFT_OPTIMIZATION_LEVEL = "-Onone";
			};
			name = Debug;
		};
		AA700004 /* Release */ = {
			isa = XCBuildConfiguration;
			buildSettings = {
				ALWAYS_SEARCH_USER_PATHS = NO;
				ASSETCATALOG_COMPILER_GENERATE_SWIFT_ASSET_SYMBOL_EXTENSIONS = YES;
				CLANG_ANALYZER_NONNULL = YES;
				CLANG_ANALYZER_NUMBER_OBJECT_CONVERSION = YES_AGGRESSIVE;
				CLANG_CXX_LANGUAGE_STANDARD = "gnu++20";
				CLANG_ENABLE_MODULES = YES;
				CLANG_ENABLE_OBJC_ARC = YES;
				CLANG_ENABLE_OBJC_WEAK = YES;
				CLANG_WARN_BLOCK_CAPTURE_AUTORELEASING = YES;
				CLANG_WARN_BOOL_CONVERSION = YES;
				CLANG_WARN_COMMA = YES;
				CLANG_WARN_CONSTANT_CONVERSION = YES;
				CLANG_WARN_DEPRECATED_OBJC_IMPLEMENTATIONS = YES;
				CLANG_WARN_DIRECT_OBJC_ISA_USAGE = YES_ERROR;
				CLANG_WARN_DOCUMENTATION_COMMENTS = YES;
				CLANG_WARN_EMPTY_BODY = YES;
				CLANG_WARN_ENUM_CONVERSION = YES;
				CLANG_WARN_INFINITE_RECURSION = YES;
				CLANG_WARN_INT_CONVERSION = YES;
				CLANG_WARN_NON_LITERAL_NULL_CONVERSION = YES;
				CLANG_WARN_OBJC_IMPLICIT_RETAIN_SELF = YES;
				CLANG_WARN_OBJC_LITERAL_CONVERSION = YES;
				CLANG_WARN_OBJC_ROOT_CLASS = YES_ERROR;
				CLANG_WARN_QUOTED_INCLUDE_IN_FRAMEWORK_HEADER = YES;
				CLANG_WARN_RANGE_LOOP_ANALYSIS = YES;
				CLANG_WARN_STRICT_PROTOTYPES = YES;
				CLANG_WARN_SUSPICIOUS_MOVE = YES;
				CLANG_WARN_UNGUARDED_AVAILABILITY = YES_AGGRESSIVE;
				CLANG_WARN_UNREACHABLE_CODE = YES;
				CLANG_WARN__DUPLICATE_METHOD_MATCH = YES;
				COPY_PHASE_STRIP = NO;
				DEBUG_INFORMATION_FORMAT = "dwarf-with-dsym";
				ENABLE_NS_ASSERTIONS = NO;
				ENABLE_STRICT_OBJC_MSGSEND = YES;
				ENABLE_USER_SCRIPT_SANDBOXING = YES;
				GCC_C_LANGUAGE_STANDARD = gnu17;
				GCC_NO_COMMON_BLOCKS = YES;
				GCC_WARN_64_TO_32_BIT_CONVERSION = YES;
				GCC_WARN_ABOUT_RETURN_TYPE = YES_ERROR;
				GCC_WARN_UNDECLARED_SELECTOR = YES;
				GCC_WARN_UNINITIALIZED_AUTOS = YES_AGGRESSIVE;
				GCC_WARN_UNUSED_FUNCTION = YES;
				GCC_WARN_UNUSED_VARIABLE = YES;
				LOCALIZATION_PREFERS_STRING_CATALOGS = YES;
				MACOSX_DEPLOYMENT_TARGET = 14.0;
				MTL_FAST_MATH = YES;
				SDKROOT = macosx;
				SWIFT_COMPILATION_MODE = wholemodule;
			};
			name = Release;
		};
		AA700005 /* Debug */ = {
			isa = XCBuildConfiguration;
			buildSettings = {
				ASSETCATALOG_COMPILER_APPICON_NAME = AppIcon;
				ASSETCATALOG_COMPILER_GLOBAL_ACCENT_COLOR_NAME = AccentColor;
				CODE_SIGN_ENTITLEMENTS = WineLauncher/WineLauncher.entitlements;
				CODE_SIGN_STYLE = Automatic;
				COMBINE_HIDPI_IMAGES = YES;
				CURRENT_PROJECT_VERSION = 1;
				GENERATE_INFOPLIST_FILE = NO;
				INFOPLIST_FILE = Sources/WineLauncher/Info.plist;
				INFOPLIST_KEY_NSHumanReadableCopyright = "";
				INFOPLIST_KEY_NSPrincipalClass = NSApplication;
				LD_RUNPATH_SEARCH_PATHS = (
					"$(inherited)",
					"@executable_path/../Frameworks",
				);
				MACOSX_DEPLOYMENT_TARGET = 14.0;
				MARKETING_VERSION = 1.0;
				ASSETCATALOG_COMPILER_APPICON_NAME = AppIcon;
				INFOPLIST_KEY_CFBundleDisplayName = "Elvius Gaming";
				INFOPLIST_KEY_CFBundleIconFile = AppIcon;
				PRODUCT_BUNDLE_IDENTIFIER = ca.elvius.ElviusGaming;
				PRODUCT_NAME = "Elvius Gaming";
				SDKROOT = macosx;
				SWIFT_EMIT_LOC_STRINGS = YES;
				SWIFT_VERSION = 5.0;
			};
			name = Debug;
		};
		AA700006 /* Release */ = {
			isa = XCBuildConfiguration;
			buildSettings = {
				ASSETCATALOG_COMPILER_APPICON_NAME = AppIcon;
				ASSETCATALOG_COMPILER_GLOBAL_ACCENT_COLOR_NAME = AccentColor;
				CODE_SIGN_ENTITLEMENTS = WineLauncher/WineLauncher.entitlements;
				CODE_SIGN_STYLE = Automatic;
				COMBINE_HIDPI_IMAGES = YES;
				CURRENT_PROJECT_VERSION = 1;
				GENERATE_INFOPLIST_FILE = NO;
				INFOPLIST_FILE = Sources/WineLauncher/Info.plist;
				INFOPLIST_KEY_NSHumanReadableCopyright = "";
				INFOPLIST_KEY_NSPrincipalClass = NSApplication;
				LD_RUNPATH_SEARCH_PATHS = (
					"$(inherited)",
					"@executable_path/../Frameworks",
				);
				MACOSX_DEPLOYMENT_TARGET = 14.0;
				MARKETING_VERSION = 1.0;
				PRODUCT_BUNDLE_IDENTIFIER = ca.elvius.WineLauncher;
				PRODUCT_NAME = "$(TARGET_NAME)";
				SDKROOT = macosx;
				SWIFT_EMIT_LOC_STRINGS = YES;
				SWIFT_VERSION = 5.0;
			};
			name = Release;
		};
/* End XCBuildConfiguration section */

/* Begin XCConfigurationList section */
		AA700001 /* Build configuration list for PBXNativeTarget "WineLauncher" */ = {
			isa = XCConfigurationList;
			buildConfigurations = (
				AA700005 /* Debug */,
				AA700006 /* Release */,
			);
			defaultConfigurationIsVisible = 0;
			defaultConfigurationName = Release;
		};
		AA700002 /* Build configuration list for PBXProject "WineLauncher" */ = {
			isa = XCConfigurationList;
			buildConfigurations = (
				AA700003 /* Debug */,
				AA700004 /* Release */,
			);
			defaultConfigurationIsVisible = 0;
			defaultConfigurationName = Release;
		};
/* End XCConfigurationList section */

	};
	rootObject = AAP00001 /* Project object */;
}
